
Microsoft Visual Studio Solution File, Format Version 12.00
# Visual Studio Version 16
VisualStudioVersion = 16.0.31321.278
MinimumVisualStudioVersion = 10.0.40219.1
Project("{FAE04EC0-301F-11D3-BF4B-00C04F79EFBC}") = "Calculator_Basic", "Calculator_Basic.csproj", "{9F991758-481D-466D-9626-4C10C0F0649B}"
EndProject
Global
	GlobalSection(SolutionConfigurationPlatforms) = preSolution
		Debug|Any CPU = Debug|Any CPU
		Release|Any CPU = Release|Any CPU
	EndGlobalSection
	GlobalSection(ProjectConfigurationPlatforms) = postSolution
		{9F991758-481D-466D-9626-4C10C0F0649B}.Debug|Any CPU.ActiveCfg = Debug|Any CPU
		{9F991758-481D-466D-9626-4C10C0F0649B}.Debug|Any CPU.Build.0 = Debug|Any CPU
		{9F991758-481D-466D-9626-4C10C0F0649B}.Release|Any CPU.ActiveCfg = Release|Any CPU
		{9F991758-481D-466D-9626-4C10C0F0649B}.Release|Any CPU.Build.0 = Release|Any CPU
	EndGlobalSection
	GlobalSection(SolutionProperties) = preSolution
		HideSolutionNode = FALSE
	EndGlobalSection
	GlobalSection(ExtensibilityGlobals) = postSolution
		SolutionGuid = {D03F9D85-F58F-48E7-B87A-A3B48E3A9C14}
	EndGlobalSection
EndGlobal
